
Microsoft Visual Studio Solution File, Format Version 12.00
# Visual Studio 14
VisualStudioVersion = 14.0.25123.0
MinimumVisualStudioVersion = 10.0.40219.1
Project("{FAE04EC0-301F-11D3-BF4B-00C04F79EFBC}") = "Virtex.Lib.Vertices.Core.XNA", "src\Core\Virtex.Lib.Vertices.Core.XNA.csproj", "{5B8E36C0-8F22-41E0-A416-75E0C0B963B5}"
EndProject
Project("{FAE04EC0-301F-11D3-BF4B-00C04F79EFBC}") = "Virtex.Lib.Vertices.Net.Lidgren.XNA", "src\Net\Lidgren\Lidgren.Network\Virtex.Lib.Vertices.Net.Lidgren.XNA.csproj", "{46806426-2647-49A4-AD3F-0F1E332A4358}"
EndProject
Project("{FAE04EC0-301F-11D3-BF4B-00C04F79EFBC}") = "Virtex.Lib.Vertices.Physics.Bepu.XNA", "src\Physics\Bepu\Virtex.Lib.Vertices.Physics.Bepu.XNA.csproj", "{D12D6CA2-86A3-419B-9CE3-278AB00842FD}"
EndProject
Project("{FAE04EC0-301F-11D3-BF4B-00C04F79EFBC}") = "Virtex.Lib.Vertices.Physics.Farseer.XNA", "src\Physics\Farseer\Virtex.Lib.Vertices.Physics.Farseer.XNA.csproj", "{FD0291FC-5FC6-49A2-AE17-8DF75B224F22}"
EndProject
Project("{FAE04EC0-301F-11D3-BF4B-00C04F79EFBC}") = "Virtex.Lib.Vertices.Core.XNA.Content", "src\Core\Content\Virtex.Lib.Vertices.Core.XNA.Content.contentproj", "{E0EA77A7-82A5-4CBE-BD94-BA26D205F269}"
EndProject
Project("{FAE04EC0-301F-11D3-BF4B-00C04F79EFBC}") = "Virtex.App.Vertices.TechDemo.XNA", "src\TechDemo\Virtex.App.Vertices.TechDemo.XNA.csproj", "{BA0FEAC2-BC99-47A0-B722-4D7F1547745F}"
EndProject
Project("{FAE04EC0-301F-11D3-BF4B-00C04F79EFBC}") = "Virtex.App.Vertices.TechDemo.XNA.Content", "src\TechDemo\Content\Virtex.App.Vertices.TechDemo.XNA.Content.contentproj", "{DDBBFB84-44F8-4C83-A5B7-3FCC25CB7140}"
EndProject
Global
	GlobalSection(SolutionConfigurationPlatforms) = preSolution
		Debug|Any CPU = Debug|Any CPU
		Debug|x86 = Debug|x86
		Debug2D|Any CPU = Debug2D|Any CPU
		Debug2D|x86 = Debug2D|x86
		Release|Any CPU = Release|Any CPU
		Release|x86 = Release|x86
		Release2D|Any CPU = Release2D|Any CPU
		Release2D|x86 = Release2D|x86
	EndGlobalSection
	GlobalSection(ProjectConfigurationPlatforms) = postSolution
		{5B8E36C0-8F22-41E0-A416-75E0C0B963B5}.Debug|Any CPU.ActiveCfg = Debug|x86
		{5B8E36C0-8F22-41E0-A416-75E0C0B963B5}.Debug|Any CPU.Build.0 = Debug|x86
		{5B8E36C0-8F22-41E0-A416-75E0C0B963B5}.Debug|x86.ActiveCfg = Debug|x86
		{5B8E36C0-8F22-41E0-A416-75E0C0B963B5}.Debug|x86.Build.0 = Debug|x86
		{5B8E36C0-8F22-41E0-A416-75E0C0B963B5}.Debug2D|Any CPU.ActiveCfg = Debug2D|x86
		{5B8E36C0-8F22-41E0-A416-75E0C0B963B5}.Debug2D|x86.ActiveCfg = Debug2D|x86
		{5B8E36C0-8F22-41E0-A416-75E0C0B963B5}.Debug2D|x86.Build.0 = Debug2D|x86
		{5B8E36C0-8F22-41E0-A416-75E0C0B963B5}.Release|Any CPU.ActiveCfg = Release|x86
		{5B8E36C0-8F22-41E0-A416-75E0C0B963B5}.Release|x86.ActiveCfg = Release|x86
		{5B8E36C0-8F22-41E0-A416-75E0C0B963B5}.Release|x86.Build.0 = Release|x86
		{5B8E36C0-8F22-41E0-A416-75E0C0B963B5}.Release2D|Any CPU.ActiveCfg = Release2D|x86
		{5B8E36C0-8F22-41E0-A416-75E0C0B963B5}.Release2D|x86.ActiveCfg = Release2D|x86
		{5B8E36C0-8F22-41E0-A416-75E0C0B963B5}.Release2D|x86.Build.0 = Release2D|x86
		{46806426-2647-49A4-AD3F-0F1E332A4358}.Debug|Any CPU.ActiveCfg = Debug|x86
		{46806426-2647-49A4-AD3F-0F1E332A4358}.Debug|Any CPU.Build.0 = Debug|x86
		{46806426-2647-49A4-AD3F-0F1E332A4358}.Debug|x86.ActiveCfg = Debug|x86
		{46806426-2647-49A4-AD3F-0F1E332A4358}.Debug|x86.Build.0 = Debug|x86
		{46806426-2647-49A4-AD3F-0F1E332A4358}.Debug2D|Any CPU.ActiveCfg = Release|x86
		{46806426-2647-49A4-AD3F-0F1E332A4358}.Debug2D|Any CPU.Build.0 = Release|x86
		{46806426-2647-49A4-AD3F-0F1E332A4358}.Debug2D|x86.ActiveCfg = Debug|x86
		{46806426-2647-49A4-AD3F-0F1E332A4358}.Debug2D|x86.Build.0 = Debug|x86
		{46806426-2647-49A4-AD3F-0F1E332A4358}.Release|Any CPU.ActiveCfg = Release|x86
		{46806426-2647-49A4-AD3F-0F1E332A4358}.Release|x86.ActiveCfg = Release|x86
		{46806426-2647-49A4-AD3F-0F1E332A4358}.Release|x86.Build.0 = Release|x86
		{46806426-2647-49A4-AD3F-0F1E332A4358}.Release2D|Any CPU.ActiveCfg = Release|x86
		{46806426-2647-49A4-AD3F-0F1E332A4358}.Release2D|Any CPU.Build.0 = Release|x86
		{46806426-2647-49A4-AD3F-0F1E332A4358}.Release2D|x86.ActiveCfg = Release|x86
		{46806426-2647-49A4-AD3F-0F1E332A4358}.Release2D|x86.Build.0 = Release|x86
		{D12D6CA2-86A3-419B-9CE3-278AB00842FD}.Debug|Any CPU.ActiveCfg = Debug|x86
		{D12D6CA2-86A3-419B-9CE3-278AB00842FD}.Debug|Any CPU.Build.0 = Debug|x86
		{D12D6CA2-86A3-419B-9CE3-278AB00842FD}.Debug|x86.ActiveCfg = Debug|x86
		{D12D6CA2-86A3-419B-9CE3-278AB00842FD}.Debug|x86.Build.0 = Debug|x86
		{D12D6CA2-86A3-419B-9CE3-278AB00842FD}.Debug2D|Any CPU.ActiveCfg = Release|x86
		{D12D6CA2-86A3-419B-9CE3-278AB00842FD}.Debug2D|Any CPU.Build.0 = Release|x86
		{D12D6CA2-86A3-419B-9CE3-278AB00842FD}.Debug2D|x86.ActiveCfg = Debug|x86
		{D12D6CA2-86A3-419B-9CE3-278AB00842FD}.Debug2D|x86.Build.0 = Debug|x86
		{D12D6CA2-86A3-419B-9CE3-278AB00842FD}.Release|Any CPU.ActiveCfg = Release|x86
		{D12D6CA2-86A3-419B-9CE3-278AB00842FD}.Release|x86.ActiveCfg = Release|x86
		{D12D6CA2-86A3-419B-9CE3-278AB00842FD}.Release|x86.Build.0 = Release|x86
		{D12D6CA2-86A3-419B-9CE3-278AB00842FD}.Release2D|Any CPU.ActiveCfg = Release|x86
		{D12D6CA2-86A3-419B-9CE3-278AB00842FD}.Release2D|Any CPU.Build.0 = Release|x86
		{D12D6CA2-86A3-419B-9CE3-278AB00842FD}.Release2D|x86.ActiveCfg = Release|x86
		{D12D6CA2-86A3-419B-9CE3-278AB00842FD}.Release2D|x86.Build.0 = Release|x86
		{FD0291FC-5FC6-49A2-AE17-8DF75B224F22}.Debug|Any CPU.ActiveCfg = Debug|x86
		{FD0291FC-5FC6-49A2-AE17-8DF75B224F22}.Debug|Any CPU.Build.0 = Debug|x86
		{FD0291FC-5FC6-49A2-AE17-8DF75B224F22}.Debug|x86.ActiveCfg = Debug|x86
		{FD0291FC-5FC6-49A2-AE17-8DF75B224F22}.Debug|x86.Build.0 = Debug|x86
		{FD0291FC-5FC6-49A2-AE17-8DF75B224F22}.Debug2D|Any CPU.ActiveCfg = Release|x86
		{FD0291FC-5FC6-49A2-AE17-8DF75B224F22}.Debug2D|Any CPU.Build.0 = Release|x86
		{FD0291FC-5FC6-49A2-AE17-8DF75B224F22}.Debug2D|x86.ActiveCfg = Debug|x86
		{FD0291FC-5FC6-49A2-AE17-8DF75B224F22}.Debug2D|x86.Build.0 = Debug|x86
		{FD0291FC-5FC6-49A2-AE17-8DF75B224F22}.Release|Any CPU.ActiveCfg = Release|x86
		{FD0291FC-5FC6-49A2-AE17-8DF75B224F22}.Release|x86.ActiveCfg = Release|x86
		{FD0291FC-5FC6-49A2-AE17-8DF75B224F22}.Release|x86.Build.0 = Release|x86
		{FD0291FC-5FC6-49A2-AE17-8DF75B224F22}.Release2D|Any CPU.ActiveCfg = Release|x86
		{FD0291FC-5FC6-49A2-AE17-8DF75B224F22}.Release2D|Any CPU.Build.0 = Release|x86
		{FD0291FC-5FC6-49A2-AE17-8DF75B224F22}.Release2D|x86.ActiveCfg = Release|x86
		{FD0291FC-5FC6-49A2-AE17-8DF75B224F22}.Release2D|x86.Build.0 = Release|x86
		{E0EA77A7-82A5-4CBE-BD94-BA26D205F269}.Debug|Any CPU.ActiveCfg = Debug|Any CPU
		{E0EA77A7-82A5-4CBE-BD94-BA26D205F269}.Debug|x86.ActiveCfg = Debug|Any CPU
		{E0EA77A7-82A5-4CBE-BD94-BA26D205F269}.Debug2D|Any CPU.ActiveCfg = Debug|Any CPU
		{E0EA77A7-82A5-4CBE-BD94-BA26D205F269}.Debug2D|x86.ActiveCfg = Debug|Any CPU
		{E0EA77A7-82A5-4CBE-BD94-BA26D205F269}.Release|Any CPU.ActiveCfg = Debug|Any CPU
		{E0EA77A7-82A5-4CBE-BD94-BA26D205F269}.Release|x86.ActiveCfg = Debug|Any CPU
		{E0EA77A7-82A5-4CBE-BD94-BA26D205F269}.Release2D|Any CPU.ActiveCfg = Debug|Any CPU
		{E0EA77A7-82A5-4CBE-BD94-BA26D205F269}.Release2D|x86.ActiveCfg = Debug|Any CPU
		{BA0FEAC2-BC99-47A0-B722-4D7F1547745F}.Debug|Any CPU.ActiveCfg = Debug|x86
		{BA0FEAC2-BC99-47A0-B722-4D7F1547745F}.Debug|Any CPU.Build.0 = Debug|x86
		{BA0FEAC2-BC99-47A0-B722-4D7F1547745F}.Debug|x86.ActiveCfg = Debug|x86
		{BA0FEAC2-BC99-47A0-B722-4D7F1547745F}.Debug|x86.Build.0 = Debug|x86
		{BA0FEAC2-BC99-47A0-B722-4D7F1547745F}.Debug2D|Any CPU.ActiveCfg = Release|x86
		{BA0FEAC2-BC99-47A0-B722-4D7F1547745F}.Debug2D|Any CPU.Build.0 = Release|x86
		{BA0FEAC2-BC99-47A0-B722-4D7F1547745F}.Debug2D|x86.ActiveCfg = Debug|x86
		{BA0FEAC2-BC99-47A0-B722-4D7F1547745F}.Debug2D|x86.Build.0 = Debug|x86
		{BA0FEAC2-BC99-47A0-B722-4D7F1547745F}.Release|Any CPU.ActiveCfg = Release|x86
		{BA0FEAC2-BC99-47A0-B722-4D7F1547745F}.Release|x86.ActiveCfg = Release|x86
		{BA0FEAC2-BC99-47A0-B722-4D7F1547745F}.Release|x86.Build.0 = Release|x86
		{BA0FEAC2-BC99-47A0-B722-4D7F1547745F}.Release2D|Any CPU.ActiveCfg = Release|x86
		{BA0FEAC2-BC99-47A0-B722-4D7F1547745F}.Release2D|Any CPU.Build.0 = Release|x86
		{BA0FEAC2-BC99-47A0-B722-4D7F1547745F}.Release2D|x86.ActiveCfg = Release|x86
		{BA0FEAC2-BC99-47A0-B722-4D7F1547745F}.Release2D|x86.Build.0 = Release|x86
		{DDBBFB84-44F8-4C83-A5B7-3FCC25CB7140}.Debug|Any CPU.ActiveCfg = Debug|x86
		{DDBBFB84-44F8-4C83-A5B7-3FCC25CB7140}.Debug|x86.ActiveCfg = Debug|x86
		{DDBBFB84-44F8-4C83-A5B7-3FCC25CB7140}.Debug2D|Any CPU.ActiveCfg = Release|x86
		{DDBBFB84-44F8-4C83-A5B7-3FCC25CB7140}.Debug2D|x86.ActiveCfg = Debug|x86
		{DDBBFB84-44F8-4C83-A5B7-3FCC25CB7140}.Release|Any CPU.ActiveCfg = Release|x86
		{DDBBFB84-44F8-4C83-A5B7-3FCC25CB7140}.Release|x86.ActiveCfg = Release|x86
		{DDBBFB84-44F8-4C83-A5B7-3FCC25CB7140}.Release2D|Any CPU.ActiveCfg = Release|x86
		{DDBBFB84-44F8-4C83-A5B7-3FCC25CB7140}.Release2D|x86.ActiveCfg = Release|x86
	EndGlobalSection
	GlobalSection(SolutionProperties) = preSolution
		HideSolutionNode = FALSE
	EndGlobalSection
EndGlobal
